
Microsoft Visual Studio Solution File, Format Version 12.00
# Visual Studio Version 17
VisualStudioVersion = 17.13.35825.156
MinimumVisualStudioVersion = 10.0.40219.1
Project("{FAE04EC0-301F-11D3-BF4B-00C04F79EFBC}") = "Lesson_01_delegates", "Lesson_01_delegates\Lesson_01_delegates.csproj", "{480B77B0-1DB6-40D3-8CB1-31D15254869B}"
EndProject
Project("{FAE04EC0-301F-11D3-BF4B-00C04F79EFBC}") = "Assignment_01_delegates", "Assignment_01_delegates\Assignment_01_delegates.csproj", "{1CA61EDE-BD37-41F9-8520-A4D0F9056C71}"
EndProject
Project("{FAE04EC0-301F-11D3-BF4B-00C04F79EFBC}") = "Lesson_02_event", "Lesson_02_event\Lesson_02_event.csproj", "{D163B7E3-8029-47B0-A9C7-0B0C4BC1D801}"
EndProject
Global
	GlobalSection(SolutionConfigurationPlatforms) = preSolution
		Debug|Any CPU = Debug|Any CPU
		Release|Any CPU = Release|Any CPU
	EndGlobalSection
	GlobalSection(ProjectConfigurationPlatforms) = postSolution
		{480B77B0-1DB6-40D3-8CB1-31D15254869B}.Debug|Any CPU.ActiveCfg = Debug|Any CPU
		{480B77B0-1DB6-40D3-8CB1-31D15254869B}.Debug|Any CPU.Build.0 = Debug|Any CPU
		{480B77B0-1DB6-40D3-8CB1-31D15254869B}.Release|Any CPU.ActiveCfg = Release|Any CPU
		{480B77B0-1DB6-40D3-8CB1-31D15254869B}.Release|Any CPU.Build.0 = Release|Any CPU
		{1CA61EDE-BD37-41F9-8520-A4D0F9056C71}.Debug|Any CPU.ActiveCfg = Debug|Any CPU
		{1CA61EDE-BD37-41F9-8520-A4D0F9056C71}.Debug|Any CPU.Build.0 = Debug|Any CPU
		{1CA61EDE-BD37-41F9-8520-A4D0F9056C71}.Release|Any CPU.ActiveCfg = Release|Any CPU
		{1CA61EDE-BD37-41F9-8520-A4D0F9056C71}.Release|Any CPU.Build.0 = Release|Any CPU
		{D163B7E3-8029-47B0-A9C7-0B0C4BC1D801}.Debug|Any CPU.ActiveCfg = Debug|Any CPU
		{D163B7E3-8029-47B0-A9C7-0B0C4BC1D801}.Debug|Any CPU.Build.0 = Debug|Any CPU
		{D163B7E3-8029-47B0-A9C7-0B0C4BC1D801}.Release|Any CPU.ActiveCfg = Release|Any CPU
		{D163B7E3-8029-47B0-A9C7-0B0C4BC1D801}.Release|Any CPU.Build.0 = Release|Any CPU
	EndGlobalSection
	GlobalSection(SolutionProperties) = preSolution
		HideSolutionNode = FALSE
	EndGlobalSection
	GlobalSection(ExtensibilityGlobals) = postSolution
		SolutionGuid = {95C947D3-403B-466A-A22F-D99343643463}
	EndGlobalSection
EndGlobal
